
Microsoft Visual Studio Solution File, Format Version 12.00
# Visual Studio Version 16
VisualStudioVersion = 16.0.32228.343
MinimumVisualStudioVersion = 10.0.40219.1
Project("{9A19103F-16F7-4668-BE54-9A1E7A4F7556}") = "KampIntro", "KampIntro\KampIntro.csproj", "{97C51086-0C41-494C-BBC8-D3E17D9E0B55}"
EndProject
Project("{9A19103F-16F7-4668-BE54-9A1E7A4F7556}") = "Donguler", "Donguler\Donguler.csproj", "{E259BF02-2C2B-4EC4-B3A3-EFE13A04E7A6}"
EndProject
Project("{9A19103F-16F7-4668-BE54-9A1E7A4F7556}") = "ClassIntro", "ClassIntro\ClassIntro.csproj", "{106F5EDC-4903-4CB1-9F04-1FF8B763C02C}"
EndProject
Project("{9A19103F-16F7-4668-BE54-9A1E7A4F7556}") = "E-ticaret", "E-ticaret\E-ticaret.csproj", "{547A5959-85CF-4ED7-BB5F-A7D30D307DE4}"
EndProject
Project("{9A19103F-16F7-4668-BE54-9A1E7A4F7556}") = "Metotlar", "Metotlar\Metotlar.csproj", "{4FE560EF-0931-40FB-B664-D07F05B397F4}"
EndProject
Project("{9A19103F-16F7-4668-BE54-9A1E7A4F7556}") = "Maths", "Maths\Maths.csproj", "{2DC4494D-C4FE-4C21-BB1B-61F8A5EBC00C}"
EndProject
Project("{9A19103F-16F7-4668-BE54-9A1E7A4F7556}") = "DegerVeReferansTipler", "DegerVeReferansTipler\DegerVeReferansTipler.csproj", "{C1ABEE1C-975E-4DE1-8A11-2C0447732C8A}"
EndProject
Project("{9A19103F-16F7-4668-BE54-9A1E7A4F7556}") = "OOP1", "OOP1\OOP1.csproj", "{7229D22E-3AFD-4C9D-9990-BBDB53F89A5C}"
EndProject
Project("{9A19103F-16F7-4668-BE54-9A1E7A4F7556}") = "Collections", "Collections\Collections.csproj", "{89B95E9D-D698-4C3C-9EF9-51476E5D9DB9}"
EndProject
Project("{9A19103F-16F7-4668-BE54-9A1E7A4F7556}") = "GenericsIntro", "GenericsIntro\GenericsIntro.csproj", "{A0982A00-8757-421D-8160-BF795B84D7AD}"
EndProject
Project("{FAE04EC0-301F-11D3-BF4B-00C04F79EFBC}") = "ReferenceTypes", "ReferenceTypes\ReferenceTypes.csproj", "{E241477F-E626-46FC-BD4E-B4B3C51E9F7E}"
EndProject
Project("{FAE04EC0-301F-11D3-BF4B-00C04F79EFBC}") = "Constructor", "Constructor\Constructor.csproj", "{29F8E928-0E31-4533-B9AB-2515B03E0703}"
EndProject
Global
	GlobalSection(SolutionConfigurationPlatforms) = preSolution
		Debug|Any CPU = Debug|Any CPU
		Release|Any CPU = Release|Any CPU
	EndGlobalSection
	GlobalSection(ProjectConfigurationPlatforms) = postSolution
		{97C51086-0C41-494C-BBC8-D3E17D9E0B55}.Debug|Any CPU.ActiveCfg = Debug|Any CPU
		{97C51086-0C41-494C-BBC8-D3E17D9E0B55}.Debug|Any CPU.Build.0 = Debug|Any CPU
		{97C51086-0C41-494C-BBC8-D3E17D9E0B55}.Release|Any CPU.ActiveCfg = Release|Any CPU
		{97C51086-0C41-494C-BBC8-D3E17D9E0B55}.Release|Any CPU.Build.0 = Release|Any CPU
		{E259BF02-2C2B-4EC4-B3A3-EFE13A04E7A6}.Debug|Any CPU.ActiveCfg = Debug|Any CPU
		{E259BF02-2C2B-4EC4-B3A3-EFE13A04E7A6}.Debug|Any CPU.Build.0 = Debug|Any CPU
		{E259BF02-2C2B-4EC4-B3A3-EFE13A04E7A6}.Release|Any CPU.ActiveCfg = Release|Any CPU
		{E259BF02-2C2B-4EC4-B3A3-EFE13A04E7A6}.Release|Any CPU.Build.0 = Release|Any CPU
		{106F5EDC-4903-4CB1-9F04-1FF8B763C02C}.Debug|Any CPU.ActiveCfg = Debug|Any CPU
		{106F5EDC-4903-4CB1-9F04-1FF8B763C02C}.Debug|Any CPU.Build.0 = Debug|Any CPU
		{106F5EDC-4903-4CB1-9F04-1FF8B763C02C}.Release|Any CPU.ActiveCfg = Release|Any CPU
		{106F5EDC-4903-4CB1-9F04-1FF8B763C02C}.Release|Any CPU.Build.0 = Release|Any CPU
		{547A5959-85CF-4ED7-BB5F-A7D30D307DE4}.Debug|Any CPU.ActiveCfg = Debug|Any CPU
		{547A5959-85CF-4ED7-BB5F-A7D30D307DE4}.Debug|Any CPU.Build.0 = Debug|Any CPU
		{547A5959-85CF-4ED7-BB5F-A7D30D307DE4}.Release|Any CPU.ActiveCfg = Release|Any CPU
		{547A5959-85CF-4ED7-BB5F-A7D30D307DE4}.Release|Any CPU.Build.0 = Release|Any CPU
		{4FE560EF-0931-40FB-B664-D07F05B397F4}.Debug|Any CPU.ActiveCfg = Debug|Any CPU
		{4FE560EF-0931-40FB-B664-D07F05B397F4}.Debug|Any CPU.Build.0 = Debug|Any CPU
		{4FE560EF-0931-40FB-B664-D07F05B397F4}.Release|Any CPU.ActiveCfg = Release|Any CPU
		{4FE560EF-0931-40FB-B664-D07F05B397F4}.Release|Any CPU.Build.0 = Release|Any CPU
		{2DC4494D-C4FE-4C21-BB1B-61F8A5EBC00C}.Debug|Any CPU.ActiveCfg = Debug|Any CPU
		{2DC4494D-C4FE-4C21-BB1B-61F8A5EBC00C}.Debug|Any CPU.Build.0 = Debug|Any CPU
		{2DC4494D-C4FE-4C21-BB1B-61F8A5EBC00C}.Release|Any CPU.ActiveCfg = Release|Any CPU
		{2DC4494D-C4FE-4C21-BB1B-61F8A5EBC00C}.Release|Any CPU.Build.0 = Release|Any CPU
		{C1ABEE1C-975E-4DE1-8A11-2C0447732C8A}.Debug|Any CPU.ActiveCfg = Debug|Any CPU
		{C1ABEE1C-975E-4DE1-8A11-2C0447732C8A}.Debug|Any CPU.Build.0 = Debug|Any CPU
		{C1ABEE1C-975E-4DE1-8A11-2C0447732C8A}.Release|Any CPU.ActiveCfg = Release|Any CPU
		{C1ABEE1C-975E-4DE1-8A11-2C0447732C8A}.Release|Any CPU.Build.0 = Release|Any CPU
		{7229D22E-3AFD-4C9D-9990-BBDB53F89A5C}.Debug|Any CPU.ActiveCfg = Debug|Any CPU
		{7229D22E-3AFD-4C9D-9990-BBDB53F89A5C}.Debug|Any CPU.Build.0 = Debug|Any CPU
		{7229D22E-3AFD-4C9D-9990-BBDB53F89A5C}.Release|Any CPU.ActiveCfg = Release|Any CPU
		{7229D22E-3AFD-4C9D-9990-BBDB53F89A5C}.Release|Any CPU.Build.0 = Release|Any CPU
		{89B95E9D-D698-4C3C-9EF9-51476E5D9DB9}.Debug|Any CPU.ActiveCfg = Debug|Any CPU
		{89B95E9D-D698-4C3C-9EF9-51476E5D9DB9}.Debug|Any CPU.Build.0 = Debug|Any CPU
		{89B95E9D-D698-4C3C-9EF9-51476E5D9DB9}.Release|Any CPU.ActiveCfg = Release|Any CPU
		{89B95E9D-D698-4C3C-9EF9-51476E5D9DB9}.Release|Any CPU.Build.0 = Release|Any CPU
		{A0982A00-8757-421D-8160-BF795B84D7AD}.Debug|Any CPU.ActiveCfg = Debug|Any CPU
		{A0982A00-8757-421D-8160-BF795B84D7AD}.Debug|Any CPU.Build.0 = Debug|Any CPU
		{A0982A00-8757-421D-8160-BF795B84D7AD}.Release|Any CPU.ActiveCfg = Release|Any CPU
		{A0982A00-8757-421D-8160-BF795B84D7AD}.Release|Any CPU.Build.0 = Release|Any CPU
		{E241477F-E626-46FC-BD4E-B4B3C51E9F7E}.Debug|Any CPU.ActiveCfg = Debug|Any CPU
		{E241477F-E626-46FC-BD4E-B4B3C51E9F7E}.Debug|Any CPU.Build.0 = Debug|Any CPU
		{E241477F-E626-46FC-BD4E-B4B3C51E9F7E}.Release|Any CPU.ActiveCfg = Release|Any CPU
		{E241477F-E626-46FC-BD4E-B4B3C51E9F7E}.Release|Any CPU.Build.0 = Release|Any CPU
		{29F8E928-0E31-4533-B9AB-2515B03E0703}.Debug|Any CPU.ActiveCfg = Debug|Any CPU
		{29F8E928-0E31-4533-B9AB-2515B03E0703}.Debug|Any CPU.Build.0 = Debug|Any CPU
		{29F8E928-0E31-4533-B9AB-2515B03E0703}.Release|Any CPU.ActiveCfg = Release|Any CPU
		{29F8E928-0E31-4533-B9AB-2515B03E0703}.Release|Any CPU.Build.0 = Release|Any CPU
	EndGlobalSection
	GlobalSection(SolutionProperties) = preSolution
		HideSolutionNode = FALSE
	EndGlobalSection
	GlobalSection(ExtensibilityGlobals) = postSolution
		SolutionGuid = {16116BE6-E1D6-4C71-A66F-EA01767DE34E}
	EndGlobalSection
EndGlobal
